
Microsoft Visual Studio Solution File, Format Version 12.00
# Visual Studio 15
VisualStudioVersion = 15.0.28307.1259
MinimumVisualStudioVersion = 10.0.40219.1
Project("{FAE04EC0-301F-11D3-BF4B-00C04F79EFBC}") = "Carrega", "Carrega\Carrega.csproj", "{CFE28CEA-CA6C-4DE9-8623-22D61BF2F737}"
EndProject
Global
	GlobalSection(SolutionConfigurationPlatforms) = preSolution
		Debug|Any CPU = Debug|Any CPU
		Release|Any CPU = Release|Any CPU
	EndGlobalSection
	GlobalSection(ProjectConfigurationPlatforms) = postSolution
		{CFE28CEA-CA6C-4DE9-8623-22D61BF2F737}.Debug|Any CPU.ActiveCfg = Debug|Any CPU
		{CFE28CEA-CA6C-4DE9-8623-22D61BF2F737}.Debug|Any CPU.Build.0 = Debug|Any CPU
		{CFE28CEA-CA6C-4DE9-8623-22D61BF2F737}.Release|Any CPU.ActiveCfg = Release|Any CPU
		{CFE28CEA-CA6C-4DE9-8623-22D61BF2F737}.Release|Any CPU.Build.0 = Release|Any CPU
	EndGlobalSection
	GlobalSection(SolutionProperties) = preSolution
		HideSolutionNode = FALSE
	EndGlobalSection
	GlobalSection(ExtensibilityGlobals) = postSolution
		SolutionGuid = {FF5224E0-2A8F-4943-BDA7-004A5D8B330B}
	EndGlobalSection
EndGlobal
