
Microsoft Visual Studio Solution File, Format Version 12.00
# Visual Studio 15
VisualStudioVersion = 15.0.28307.1259
MinimumVisualStudioVersion = 10.0.40219.1
Project("{FAE04EC0-301F-11D3-BF4B-00C04F79EFBC}") = "Frota-Taxi", "Frota-Taxi\Frota-Taxi.csproj", "{4ADFC00C-AEDA-40AA-98E1-81F14AB8ABB8}"
EndProject
Global
	GlobalSection(SolutionConfigurationPlatforms) = preSolution
		Debug|Any CPU = Debug|Any CPU
		Release|Any CPU = Release|Any CPU
	EndGlobalSection
	GlobalSection(ProjectConfigurationPlatforms) = postSolution
		{4ADFC00C-AEDA-40AA-98E1-81F14AB8ABB8}.Debug|Any CPU.ActiveCfg = Debug|Any CPU
		{4ADFC00C-AEDA-40AA-98E1-81F14AB8ABB8}.Debug|Any CPU.Build.0 = Debug|Any CPU
		{4ADFC00C-AEDA-40AA-98E1-81F14AB8ABB8}.Release|Any CPU.ActiveCfg = Release|Any CPU
		{4ADFC00C-AEDA-40AA-98E1-81F14AB8ABB8}.Release|Any CPU.Build.0 = Release|Any CPU
	EndGlobalSection
	GlobalSection(SolutionProperties) = preSolution
		HideSolutionNode = FALSE
	EndGlobalSection
	GlobalSection(ExtensibilityGlobals) = postSolution
		SolutionGuid = {B235DB8A-8FB9-4CBE-A10A-64DE8FAAEBB1}
	EndGlobalSection
EndGlobal
