
Microsoft Visual Studio Solution File, Format Version 12.00
# Visual Studio 15
VisualStudioVersion = 15.0.28307.1259
MinimumVisualStudioVersion = 10.0.40219.1
Project("{FAE04EC0-301F-11D3-BF4B-00C04F79EFBC}") = "TesteCibergestion", "TesteCibergestion\TesteCibergestion.csproj", "{EDF33A61-96C6-4A73-8E23-C0297A6526AB}"
EndProject
Global
	GlobalSection(SolutionConfigurationPlatforms) = preSolution
		Debug|Any CPU = Debug|Any CPU
		Release|Any CPU = Release|Any CPU
	EndGlobalSection
	GlobalSection(ProjectConfigurationPlatforms) = postSolution
		{EDF33A61-96C6-4A73-8E23-C0297A6526AB}.Debug|Any CPU.ActiveCfg = Debug|Any CPU
		{EDF33A61-96C6-4A73-8E23-C0297A6526AB}.Debug|Any CPU.Build.0 = Debug|Any CPU
		{EDF33A61-96C6-4A73-8E23-C0297A6526AB}.Release|Any CPU.ActiveCfg = Release|Any CPU
		{EDF33A61-96C6-4A73-8E23-C0297A6526AB}.Release|Any CPU.Build.0 = Release|Any CPU
	EndGlobalSection
	GlobalSection(SolutionProperties) = preSolution
		HideSolutionNode = FALSE
	EndGlobalSection
	GlobalSection(ExtensibilityGlobals) = postSolution
		SolutionGuid = {A1427F42-5C1E-42DD-83AD-5B5FD8C9688D}
	EndGlobalSection
EndGlobal
